github.com/gorilla/mux v1.7.3 h1:gnP5JzjVOuiZD07fKKToCAOjS0yOpj/qPETTXCCS6hw=
github.com/gorilla/mux v1.7.3/go.mod h1:1lud6UwP+6orDFRuTfBEV8e9/aOM/c4fVVCaMa2zaAs=
github.com/line/line-bot-sdk-go v7.0.0+incompatible h1:acE7tNPK6EoWcxBcoYzF4p+LGbjMw6M9drYi3am5XkA=
github.com/line/line-bot-sdk-go v7.0.0+incompatible/go.mod h1:0RjLjJEAU/3GIcHkC3av6O4jInAbt25nnZVmOFUgDBg=
